
Microsoft Visual Studio Solution File, Format Version 12.00
# Visual Studio 15
VisualStudioVersion = 15.0.28307.539
MinimumVisualStudioVersion = 10.0.40219.1
Project("{FAE04EC0-301F-11D3-BF4B-00C04F79EFBC}") = "Tracer", "Tracer.csproj", "{D02F668B-699E-4D32-B267-B23C8444DCDD}"
EndProject
Project("{FAE04EC0-301F-11D3-BF4B-00C04F79EFBC}") = "TracerUseExample", "TracerUseExample\TracerUseExample.csproj", "{53A660D2-EF04-4F73-9AA3-9FE075DE888E}"
EndProject
Project("{FAE04EC0-301F-11D3-BF4B-00C04F79EFBC}") = "TestTracer", "TestTracer\TestTracer.csproj", "{CEAECA58-A6D5-4083-8C0F-805348151357}"
EndProject
Global
	GlobalSection(SolutionConfigurationPlatforms) = preSolution
		Debug|Any CPU = Debug|Any CPU
		Release|Any CPU = Release|Any CPU
	EndGlobalSection
	GlobalSection(ProjectConfigurationPlatforms) = postSolution
		{D02F668B-699E-4D32-B267-B23C8444DCDD}.Debug|Any CPU.ActiveCfg = Debug|Any CPU
		{D02F668B-699E-4D32-B267-B23C8444DCDD}.Debug|Any CPU.Build.0 = Debug|Any CPU
		{D02F668B-699E-4D32-B267-B23C8444DCDD}.Release|Any CPU.ActiveCfg = Release|Any CPU
		{D02F668B-699E-4D32-B267-B23C8444DCDD}.Release|Any CPU.Build.0 = Release|Any CPU
		{53A660D2-EF04-4F73-9AA3-9FE075DE888E}.Debug|Any CPU.ActiveCfg = Debug|Any CPU
		{53A660D2-EF04-4F73-9AA3-9FE075DE888E}.Debug|Any CPU.Build.0 = Debug|Any CPU
		{53A660D2-EF04-4F73-9AA3-9FE075DE888E}.Release|Any CPU.ActiveCfg = Release|Any CPU
		{53A660D2-EF04-4F73-9AA3-9FE075DE888E}.Release|Any CPU.Build.0 = Release|Any CPU
		{CEAECA58-A6D5-4083-8C0F-805348151357}.Debug|Any CPU.ActiveCfg = Debug|Any CPU
		{CEAECA58-A6D5-4083-8C0F-805348151357}.Debug|Any CPU.Build.0 = Debug|Any CPU
		{CEAECA58-A6D5-4083-8C0F-805348151357}.Release|Any CPU.ActiveCfg = Release|Any CPU
		{CEAECA58-A6D5-4083-8C0F-805348151357}.Release|Any CPU.Build.0 = Release|Any CPU
	EndGlobalSection
	GlobalSection(SolutionProperties) = preSolution
		HideSolutionNode = FALSE
	EndGlobalSection
	GlobalSection(ExtensibilityGlobals) = postSolution
		SolutionGuid = {8DE73728-9C21-4C94-A9D6-9175C91DD1EC}
	EndGlobalSection
EndGlobal
